
Microsoft Visual Studio Solution File, Format Version 12.00
# Visual Studio Version 17
VisualStudioVersion = 17.10.35013.160
MinimumVisualStudioVersion = 10.0.40219.1
Project("{9A19103F-16F7-4668-BE54-9A1E7A4F7556}") = "IncrementGame.Server", "IncrementGame.Server\IncrementGame.Server.csproj", "{2BB3938E-B9EE-4204-BAE5-33A922C307DE}"
EndProject
Project("{54A90642-561A-4BB1-A94E-469ADEE60C69}") = "incrementgame.client", "incrementgame.client\incrementgame.client.esproj", "{90C393B6-447A-4394-85F9-DF226743A2D6}"
EndProject
Project("{9A19103F-16F7-4668-BE54-9A1E7A4F7556}") = "Incremental.Data", "Incremental.Data\Incremental.Data.csproj", "{22C60F6A-E666-4136-96CF-CFB1425236CB}"
EndProject
Project("{9A19103F-16F7-4668-BE54-9A1E7A4F7556}") = "Incremental.Core", "Incremental.Core\Incremental.Core.csproj", "{39944A8E-847A-413C-A3E9-A21BE800AC39}"
EndProject
Project("{9A19103F-16F7-4668-BE54-9A1E7A4F7556}") = "IncrementGame.WPF", "IncrementGame.WPF\IncrementGame.WPF.csproj", "{D947CE4B-D823-44A3-A844-BAD3754368AB}"
EndProject
Global
	GlobalSection(SolutionConfigurationPlatforms) = preSolution
		Debug|Any CPU = Debug|Any CPU
		Release|Any CPU = Release|Any CPU
	EndGlobalSection
	GlobalSection(ProjectConfigurationPlatforms) = postSolution
		{2BB3938E-B9EE-4204-BAE5-33A922C307DE}.Debug|Any CPU.ActiveCfg = Debug|Any CPU
		{2BB3938E-B9EE-4204-BAE5-33A922C307DE}.Debug|Any CPU.Build.0 = Debug|Any CPU
		{2BB3938E-B9EE-4204-BAE5-33A922C307DE}.Release|Any CPU.ActiveCfg = Release|Any CPU
		{2BB3938E-B9EE-4204-BAE5-33A922C307DE}.Release|Any CPU.Build.0 = Release|Any CPU
		{90C393B6-447A-4394-85F9-DF226743A2D6}.Debug|Any CPU.ActiveCfg = Debug|Any CPU
		{90C393B6-447A-4394-85F9-DF226743A2D6}.Debug|Any CPU.Build.0 = Debug|Any CPU
		{90C393B6-447A-4394-85F9-DF226743A2D6}.Debug|Any CPU.Deploy.0 = Debug|Any CPU
		{90C393B6-447A-4394-85F9-DF226743A2D6}.Release|Any CPU.ActiveCfg = Release|Any CPU
		{90C393B6-447A-4394-85F9-DF226743A2D6}.Release|Any CPU.Build.0 = Release|Any CPU
		{90C393B6-447A-4394-85F9-DF226743A2D6}.Release|Any CPU.Deploy.0 = Release|Any CPU
		{22C60F6A-E666-4136-96CF-CFB1425236CB}.Debug|Any CPU.ActiveCfg = Debug|Any CPU
		{22C60F6A-E666-4136-96CF-CFB1425236CB}.Debug|Any CPU.Build.0 = Debug|Any CPU
		{22C60F6A-E666-4136-96CF-CFB1425236CB}.Release|Any CPU.ActiveCfg = Release|Any CPU
		{22C60F6A-E666-4136-96CF-CFB1425236CB}.Release|Any CPU.Build.0 = Release|Any CPU
		{39944A8E-847A-413C-A3E9-A21BE800AC39}.Debug|Any CPU.ActiveCfg = Debug|Any CPU
		{39944A8E-847A-413C-A3E9-A21BE800AC39}.Debug|Any CPU.Build.0 = Debug|Any CPU
		{39944A8E-847A-413C-A3E9-A21BE800AC39}.Release|Any CPU.ActiveCfg = Release|Any CPU
		{39944A8E-847A-413C-A3E9-A21BE800AC39}.Release|Any CPU.Build.0 = Release|Any CPU
		{D947CE4B-D823-44A3-A844-BAD3754368AB}.Debug|Any CPU.ActiveCfg = Debug|Any CPU
		{D947CE4B-D823-44A3-A844-BAD3754368AB}.Debug|Any CPU.Build.0 = Debug|Any CPU
		{D947CE4B-D823-44A3-A844-BAD3754368AB}.Release|Any CPU.ActiveCfg = Release|Any CPU
		{D947CE4B-D823-44A3-A844-BAD3754368AB}.Release|Any CPU.Build.0 = Release|Any CPU
	EndGlobalSection
	GlobalSection(SolutionProperties) = preSolution
		HideSolutionNode = FALSE
	EndGlobalSection
	GlobalSection(ExtensibilityGlobals) = postSolution
		SolutionGuid = {3782FB6C-C1DA-45A5-BD08-3D17287F3C24}
	EndGlobalSection
EndGlobal
